<Solution>
  <Project Path="src/OrderFlow.Api/OrderFlow.Api.csproj" />
  <Project Path="src/OrderFlow.Application/OrderFlow.Application.csproj" />
  <Project Path="src/OrderFlow.Domain/OrderFlow.Domain.csproj" />
  <Project Path="src/OrderFlow.Infrastructure/OrderFlow.Infrastructure.csproj" />
</Solution>
