<Solution>
  <Folder Name="/Solution Items/">
    <File Path=".editorconfig" />
    <File Path=".env.example" />
    <File Path=".gitattributes" />
    <File Path=".gitignore" />
    <File Path="compose.yaml" />
    <File Path="Directory.Build.props" />
    <File Path="Directory.Packages.props" />
    <File Path="global.json" />
  </Folder>
  <Project Path="src/OrderFlow.Api/OrderFlow.Api.csproj" />
  <Project Path="src/OrderFlow.Application/OrderFlow.Application.csproj" />
  <Project Path="src/OrderFlow.Domain/OrderFlow.Domain.csproj" />
  <Project Path="src/OrderFlow.Infrastructure/OrderFlow.Infrastructure.csproj" />
</Solution>
